
Microsoft Visual Studio Solution File, Format Version 12.00
# Visual Studio Version 16
VisualStudioVersion = 16.0.30523.141
MinimumVisualStudioVersion = 10.0.40219.1
Project("{FAE04EC0-301F-11D3-BF4B-00C04F79EFBC}") = "DynamicTicketingAPI", "DynamicTicketingAPI\DynamicTicketingAPI.csproj", "{0ADA3D98-2911-45F9-9D83-EB71070E8DFA}"
EndProject
Global
	GlobalSection(SolutionConfigurationPlatforms) = preSolution
		Debug|Any CPU = Debug|Any CPU
		Release|Any CPU = Release|Any CPU
	EndGlobalSection
	GlobalSection(ProjectConfigurationPlatforms) = postSolution
		{0ADA3D98-2911-45F9-9D83-EB71070E8DFA}.Debug|Any CPU.ActiveCfg = Debug|Any CPU
		{0ADA3D98-2911-45F9-9D83-EB71070E8DFA}.Debug|Any CPU.Build.0 = Debug|Any CPU
		{0ADA3D98-2911-45F9-9D83-EB71070E8DFA}.Release|Any CPU.ActiveCfg = Release|Any CPU
		{0ADA3D98-2911-45F9-9D83-EB71070E8DFA}.Release|Any CPU.Build.0 = Release|Any CPU
	EndGlobalSection
	GlobalSection(SolutionProperties) = preSolution
		HideSolutionNode = FALSE
	EndGlobalSection
	GlobalSection(ExtensibilityGlobals) = postSolution
		SolutionGuid = {B76FBC00-32A4-4CEF-A377-B0EC606576A7}
	EndGlobalSection
EndGlobal
